
Microsoft Visual Studio Solution File, Format Version 12.00
# Visual Studio Version 16
VisualStudioVersion = 16.0.29806.167
MinimumVisualStudioVersion = 10.0.40219.1
Project("{9A19103F-16F7-4668-BE54-9A1E7A4F7556}") = "dependency-injection-demo", "dependency-injection-demo\dependency-injection-demo.csproj", "{2C8C892C-A94E-49AC-8091-CE51AA3158CC}"
EndProject
Project("{9A19103F-16F7-4668-BE54-9A1E7A4F7556}") = "dependency-injection-demo.tests", "dependency-injection-demo.tests\dependency-injection-demo.tests.csproj", "{D37539A3-81A2-44C5-A07F-BB301296AA96}"
EndProject
Project("{2150E333-8FDC-42A3-9474-1A3956D46DE8}") = "Solution Items", "Solution Items", "{ECA2AE8A-7ED5-435C-8BEF-277BF193C43A}"
	ProjectSection(SolutionItems) = preProject
		docker-compose.yml = docker-compose.yml
	EndProjectSection
EndProject
Global
	GlobalSection(SolutionConfigurationPlatforms) = preSolution
		Debug|Any CPU = Debug|Any CPU
		Release|Any CPU = Release|Any CPU
	EndGlobalSection
	GlobalSection(ProjectConfigurationPlatforms) = postSolution
		{2C8C892C-A94E-49AC-8091-CE51AA3158CC}.Debug|Any CPU.ActiveCfg = Debug|Any CPU
		{2C8C892C-A94E-49AC-8091-CE51AA3158CC}.Debug|Any CPU.Build.0 = Debug|Any CPU
		{2C8C892C-A94E-49AC-8091-CE51AA3158CC}.Release|Any CPU.ActiveCfg = Release|Any CPU
		{2C8C892C-A94E-49AC-8091-CE51AA3158CC}.Release|Any CPU.Build.0 = Release|Any CPU
		{D37539A3-81A2-44C5-A07F-BB301296AA96}.Debug|Any CPU.ActiveCfg = Debug|Any CPU
		{D37539A3-81A2-44C5-A07F-BB301296AA96}.Debug|Any CPU.Build.0 = Debug|Any CPU
		{D37539A3-81A2-44C5-A07F-BB301296AA96}.Release|Any CPU.ActiveCfg = Release|Any CPU
		{D37539A3-81A2-44C5-A07F-BB301296AA96}.Release|Any CPU.Build.0 = Release|Any CPU
	EndGlobalSection
	GlobalSection(SolutionProperties) = preSolution
		HideSolutionNode = FALSE
	EndGlobalSection
	GlobalSection(ExtensibilityGlobals) = postSolution
		SolutionGuid = {5287D2D2-485A-41FE-9DA4-F2E651475FBB}
	EndGlobalSection
EndGlobal
