
Microsoft Visual Studio Solution File, Format Version 12.00
# Visual Studio Version 16
VisualStudioVersion = 16.0.29806.167
MinimumVisualStudioVersion = 10.0.40219.1
Project("{FAE04EC0-301F-11D3-BF4B-00C04F79EFBC}") = "dependency-injection-demo", "dependency-injection-demo\dependency-injection-demo.csproj", "{2C8C892C-A94E-49AC-8091-CE51AA3158CC}"
EndProject
Global
	GlobalSection(SolutionConfigurationPlatforms) = preSolution
		Debug|Any CPU = Debug|Any CPU
		Release|Any CPU = Release|Any CPU
	EndGlobalSection
	GlobalSection(ProjectConfigurationPlatforms) = postSolution
		{2C8C892C-A94E-49AC-8091-CE51AA3158CC}.Debug|Any CPU.ActiveCfg = Debug|Any CPU
		{2C8C892C-A94E-49AC-8091-CE51AA3158CC}.Debug|Any CPU.Build.0 = Debug|Any CPU
		{2C8C892C-A94E-49AC-8091-CE51AA3158CC}.Release|Any CPU.ActiveCfg = Release|Any CPU
		{2C8C892C-A94E-49AC-8091-CE51AA3158CC}.Release|Any CPU.Build.0 = Release|Any CPU
	EndGlobalSection
	GlobalSection(SolutionProperties) = preSolution
		HideSolutionNode = FALSE
	EndGlobalSection
	GlobalSection(ExtensibilityGlobals) = postSolution
		SolutionGuid = {5287D2D2-485A-41FE-9DA4-F2E651475FBB}
	EndGlobalSection
EndGlobal
